
Microsoft Visual Studio Solution File, Format Version 12.00
# Visual Studio Version 16
VisualStudioVersion = 16.0.28803.202
MinimumVisualStudioVersion = 10.0.40219.1
Project("{FAE04EC0-301F-11D3-BF4B-00C04F79EFBC}") = "LVModel", "LVModel\LVModel.csproj", "{3B6DCE5E-D5E0-4D0C-992E-1210334256E2}"
EndProject
Project("{FAE04EC0-301F-11D3-BF4B-00C04F79EFBC}") = "AppListaVerificacao", "AppListaVerificacao\AppListaVerificacao.csproj", "{7EDB0644-3CAB-4F42-AB41-8C9E520657C6}"
EndProject
Project("{FAE04EC0-301F-11D3-BF4B-00C04F79EFBC}") = "LV_DI", "LV_DI\LV_DI.csproj", "{EB165907-86BF-4C10-8BD9-5DEF85E071FC}"
EndProject
Project("{FAE04EC0-301F-11D3-BF4B-00C04F79EFBC}") = "AppExcel", "AppExcel\AppExcel.csproj", "{AD54751B-D1D1-4F7B-B00D-BDB5D11B1951}"
EndProject
Project("{FAE04EC0-301F-11D3-BF4B-00C04F79EFBC}") = "LV14FluentNHB", "LV14FluentNHB\LV14FluentNHB.csproj", "{64C743E1-0936-48FA-A0B9-38FF45D41E8E}"
EndProject
Project("{2150E333-8FDC-42A3-9474-1A3956D46DE8}") = "01-Repositorios", "01-Repositorios", "{62A54A0C-1172-46AF-BD64-4CCD61CA86E0}"
EndProject
Project("{2150E333-8FDC-42A3-9474-1A3956D46DE8}") = "02-Dominio", "02-Dominio", "{C7B21439-ADCC-4B9A-82EB-38E0858550DA}"
EndProject
Project("{2150E333-8FDC-42A3-9474-1A3956D46DE8}") = "03-ServiceProvider", "03-ServiceProvider", "{0A4EF64B-410B-4D49-93B7-3D2B3815FA02}"
EndProject
Project("{2150E333-8FDC-42A3-9474-1A3956D46DE8}") = "04-Aplicacoes", "04-Aplicacoes", "{FE1AA87D-AF89-4E62-BCC6-6554AC657E8F}"
EndProject
Project("{2150E333-8FDC-42A3-9474-1A3956D46DE8}") = "00-Testes", "00-Testes", "{27FF7507-CFF4-4CF7-8DCF-D2DDD3122DE3}"
EndProject
Project("{FAE04EC0-301F-11D3-BF4B-00C04F79EFBC}") = "TesteCargaPlanilhas", "TesteCargaPlanilhas\TesteCargaPlanilhas.csproj", "{7E09B618-D412-4706-840E-176B43D4EC9F}"
EndProject
Project("{FAE04EC0-301F-11D3-BF4B-00C04F79EFBC}") = "WebApiLV", "WebApiLV\WebApiLV.csproj", "{6E077FCE-FC2B-40C1-A32D-FBA351238352}"
EndProject
Project("{FAE04EC0-301F-11D3-BF4B-00C04F79EFBC}") = "VerificacaoListas.DTO", "VerificacaoListas.DTO\VerificacaoListas.DTO.csproj", "{ED9C71B6-1F82-437C-8C20-DD081288188E}"
EndProject
Project("{FAE04EC0-301F-11D3-BF4B-00C04F79EFBC}") = "RepositorioLeitura", "RepositorioLeitura\RepositorioLeitura.csproj", "{C42A5894-FCB6-40C5-A70C-8E31AAAEC572}"
EndProject
Project("{FAE04EC0-301F-11D3-BF4B-00C04F79EFBC}") = "VerificacaoListas.UnitTestAplicacao", "VerificacaoListas.UnitTestAplicacao\VerificacaoListas.UnitTestAplicacao.csproj", "{82D4C16A-EAE2-4C17-9FDB-3069421C0968}"
EndProject
Project("{FAE04EC0-301F-11D3-BF4B-00C04F79EFBC}") = "EntidadesRepositoriosLeitura", "EntidadesRepositoriosLeitura\EntidadesRepositoriosLeitura.csproj", "{B159864D-4ED9-4CE6-B6AA-473AF30AC461}"
EndProject
Project("{FAE04EC0-301F-11D3-BF4B-00C04F79EFBC}") = "AprendeRavenDB", "AprendeRavenDB\AprendeRavenDB.csproj", "{99353820-3062-4AE3-AF4F-03B1609A051D}"
EndProject
Project("{FAE04EC0-301F-11D3-BF4B-00C04F79EFBC}") = "UnitTestRavenDB", "UnitTestRavenDB\UnitTestRavenDB.csproj", "{8F04A9D1-61EA-41D3-BC8D-8A1019A7028A}"
EndProject
Project("{FAE04EC0-301F-11D3-BF4B-00C04F79EFBC}") = "ConsumidorLV_Oracle", "ConsumidorLV_Oracle\ConsumidorLV_Oracle.csproj", "{C541CB30-017F-4C12-B7D7-A2C1D1350A8A}"
EndProject
Project("{FAE04EC0-301F-11D3-BF4B-00C04F79EFBC}") = "ConsumidorRavenDB", "ConsumidorRavenDB\ConsumidorRavenDB.csproj", "{34491944-F3CD-49FA-A18A-E58F4BC2C6C0}"
EndProject
Project("{FAE04EC0-301F-11D3-BF4B-00C04F79EFBC}") = "RepositorioMongoDB", "RepositorioMongoDB\RepositorioMongoDB.csproj", "{8461EDFD-B219-4688-A09B-A8FEF3707A03}"
EndProject
Project("{FAE04EC0-301F-11D3-BF4B-00C04F79EFBC}") = "UnitTestRepositorioMDB", "UnitTestRepositorioMDB\UnitTestRepositorioMDB.csproj", "{73A3EE07-8BFD-406A-BDC5-E634D6329173}"
EndProject
Project("{2150E333-8FDC-42A3-9474-1A3956D46DE8}") = "05-Presenter", "05-Presenter", "{3E375920-DC42-4978-AF99-DECBA505EC84}"
EndProject
Project("{FAE04EC0-301F-11D3-BF4B-00C04F79EFBC}") = "LV_PresenterAPI", "LV_PresenterAPI\LV_PresenterAPI.csproj", "{8B31D2E2-6B7D-4C8A-9377-4DEA766F403E}"
EndProject
Project("{FAE04EC0-301F-11D3-BF4B-00C04F79EFBC}") = "AppUtils", "AppUtils\AppUtils.csproj", "{BFBB20BA-CC6D-4A19-A290-7F561F13C252}"
EndProject
Project("{FAE04EC0-301F-11D3-BF4B-00C04F79EFBC}") = "RepositorioMySQL", "RepositorioMySQL\RepositorioMySQL.csproj", "{87F9471E-CD20-4123-9945-13A362F9B3FF}"
EndProject
Global
	GlobalSection(SolutionConfigurationPlatforms) = preSolution
		Debug|Any CPU = Debug|Any CPU
		Release|Any CPU = Release|Any CPU
	EndGlobalSection
	GlobalSection(ProjectConfigurationPlatforms) = postSolution
		{3B6DCE5E-D5E0-4D0C-992E-1210334256E2}.Debug|Any CPU.ActiveCfg = Debug|Any CPU
		{3B6DCE5E-D5E0-4D0C-992E-1210334256E2}.Debug|Any CPU.Build.0 = Debug|Any CPU
		{3B6DCE5E-D5E0-4D0C-992E-1210334256E2}.Release|Any CPU.ActiveCfg = Release|Any CPU
		{3B6DCE5E-D5E0-4D0C-992E-1210334256E2}.Release|Any CPU.Build.0 = Release|Any CPU
		{7EDB0644-3CAB-4F42-AB41-8C9E520657C6}.Debug|Any CPU.ActiveCfg = Debug|Any CPU
		{7EDB0644-3CAB-4F42-AB41-8C9E520657C6}.Debug|Any CPU.Build.0 = Debug|Any CPU
		{7EDB0644-3CAB-4F42-AB41-8C9E520657C6}.Release|Any CPU.ActiveCfg = Release|Any CPU
		{7EDB0644-3CAB-4F42-AB41-8C9E520657C6}.Release|Any CPU.Build.0 = Release|Any CPU
		{EB165907-86BF-4C10-8BD9-5DEF85E071FC}.Debug|Any CPU.ActiveCfg = Debug|Any CPU
		{EB165907-86BF-4C10-8BD9-5DEF85E071FC}.Debug|Any CPU.Build.0 = Debug|Any CPU
		{EB165907-86BF-4C10-8BD9-5DEF85E071FC}.Release|Any CPU.ActiveCfg = Release|Any CPU
		{EB165907-86BF-4C10-8BD9-5DEF85E071FC}.Release|Any CPU.Build.0 = Release|Any CPU
		{AD54751B-D1D1-4F7B-B00D-BDB5D11B1951}.Debug|Any CPU.ActiveCfg = Debug|Any CPU
		{AD54751B-D1D1-4F7B-B00D-BDB5D11B1951}.Debug|Any CPU.Build.0 = Debug|Any CPU
		{AD54751B-D1D1-4F7B-B00D-BDB5D11B1951}.Release|Any CPU.ActiveCfg = Release|Any CPU
		{AD54751B-D1D1-4F7B-B00D-BDB5D11B1951}.Release|Any CPU.Build.0 = Release|Any CPU
		{64C743E1-0936-48FA-A0B9-38FF45D41E8E}.Debug|Any CPU.ActiveCfg = Debug|Any CPU
		{64C743E1-0936-48FA-A0B9-38FF45D41E8E}.Debug|Any CPU.Build.0 = Debug|Any CPU
		{64C743E1-0936-48FA-A0B9-38FF45D41E8E}.Release|Any CPU.ActiveCfg = Release|Any CPU
		{64C743E1-0936-48FA-A0B9-38FF45D41E8E}.Release|Any CPU.Build.0 = Release|Any CPU
		{7E09B618-D412-4706-840E-176B43D4EC9F}.Debug|Any CPU.ActiveCfg = Debug|Any CPU
		{7E09B618-D412-4706-840E-176B43D4EC9F}.Debug|Any CPU.Build.0 = Debug|Any CPU
		{7E09B618-D412-4706-840E-176B43D4EC9F}.Release|Any CPU.ActiveCfg = Release|Any CPU
		{7E09B618-D412-4706-840E-176B43D4EC9F}.Release|Any CPU.Build.0 = Release|Any CPU
		{6E077FCE-FC2B-40C1-A32D-FBA351238352}.Debug|Any CPU.ActiveCfg = Debug|Any CPU
		{6E077FCE-FC2B-40C1-A32D-FBA351238352}.Debug|Any CPU.Build.0 = Debug|Any CPU
		{6E077FCE-FC2B-40C1-A32D-FBA351238352}.Release|Any CPU.ActiveCfg = Release|Any CPU
		{6E077FCE-FC2B-40C1-A32D-FBA351238352}.Release|Any CPU.Build.0 = Release|Any CPU
		{ED9C71B6-1F82-437C-8C20-DD081288188E}.Debug|Any CPU.ActiveCfg = Debug|Any CPU
		{ED9C71B6-1F82-437C-8C20-DD081288188E}.Debug|Any CPU.Build.0 = Debug|Any CPU
		{ED9C71B6-1F82-437C-8C20-DD081288188E}.Release|Any CPU.ActiveCfg = Release|Any CPU
		{ED9C71B6-1F82-437C-8C20-DD081288188E}.Release|Any CPU.Build.0 = Release|Any CPU
		{C42A5894-FCB6-40C5-A70C-8E31AAAEC572}.Debug|Any CPU.ActiveCfg = Debug|Any CPU
		{C42A5894-FCB6-40C5-A70C-8E31AAAEC572}.Debug|Any CPU.Build.0 = Debug|Any CPU
		{C42A5894-FCB6-40C5-A70C-8E31AAAEC572}.Release|Any CPU.ActiveCfg = Release|Any CPU
		{C42A5894-FCB6-40C5-A70C-8E31AAAEC572}.Release|Any CPU.Build.0 = Release|Any CPU
		{82D4C16A-EAE2-4C17-9FDB-3069421C0968}.Debug|Any CPU.ActiveCfg = Debug|Any CPU
		{82D4C16A-EAE2-4C17-9FDB-3069421C0968}.Debug|Any CPU.Build.0 = Debug|Any CPU
		{82D4C16A-EAE2-4C17-9FDB-3069421C0968}.Release|Any CPU.ActiveCfg = Release|Any CPU
		{82D4C16A-EAE2-4C17-9FDB-3069421C0968}.Release|Any CPU.Build.0 = Release|Any CPU
		{B159864D-4ED9-4CE6-B6AA-473AF30AC461}.Debug|Any CPU.ActiveCfg = Debug|Any CPU
		{B159864D-4ED9-4CE6-B6AA-473AF30AC461}.Debug|Any CPU.Build.0 = Debug|Any CPU
		{B159864D-4ED9-4CE6-B6AA-473AF30AC461}.Release|Any CPU.ActiveCfg = Release|Any CPU
		{B159864D-4ED9-4CE6-B6AA-473AF30AC461}.Release|Any CPU.Build.0 = Release|Any CPU
		{99353820-3062-4AE3-AF4F-03B1609A051D}.Debug|Any CPU.ActiveCfg = Debug|Any CPU
		{99353820-3062-4AE3-AF4F-03B1609A051D}.Debug|Any CPU.Build.0 = Debug|Any CPU
		{99353820-3062-4AE3-AF4F-03B1609A051D}.Release|Any CPU.ActiveCfg = Release|Any CPU
		{99353820-3062-4AE3-AF4F-03B1609A051D}.Release|Any CPU.Build.0 = Release|Any CPU
		{8F04A9D1-61EA-41D3-BC8D-8A1019A7028A}.Debug|Any CPU.ActiveCfg = Debug|Any CPU
		{8F04A9D1-61EA-41D3-BC8D-8A1019A7028A}.Debug|Any CPU.Build.0 = Debug|Any CPU
		{8F04A9D1-61EA-41D3-BC8D-8A1019A7028A}.Release|Any CPU.ActiveCfg = Release|Any CPU
		{8F04A9D1-61EA-41D3-BC8D-8A1019A7028A}.Release|Any CPU.Build.0 = Release|Any CPU
		{C541CB30-017F-4C12-B7D7-A2C1D1350A8A}.Debug|Any CPU.ActiveCfg = Debug|Any CPU
		{C541CB30-017F-4C12-B7D7-A2C1D1350A8A}.Debug|Any CPU.Build.0 = Debug|Any CPU
		{C541CB30-017F-4C12-B7D7-A2C1D1350A8A}.Release|Any CPU.ActiveCfg = Release|Any CPU
		{C541CB30-017F-4C12-B7D7-A2C1D1350A8A}.Release|Any CPU.Build.0 = Release|Any CPU
		{34491944-F3CD-49FA-A18A-E58F4BC2C6C0}.Debug|Any CPU.ActiveCfg = Debug|Any CPU
		{34491944-F3CD-49FA-A18A-E58F4BC2C6C0}.Debug|Any CPU.Build.0 = Debug|Any CPU
		{34491944-F3CD-49FA-A18A-E58F4BC2C6C0}.Release|Any CPU.ActiveCfg = Release|Any CPU
		{34491944-F3CD-49FA-A18A-E58F4BC2C6C0}.Release|Any CPU.Build.0 = Release|Any CPU
		{8461EDFD-B219-4688-A09B-A8FEF3707A03}.Debug|Any CPU.ActiveCfg = Debug|Any CPU
		{8461EDFD-B219-4688-A09B-A8FEF3707A03}.Debug|Any CPU.Build.0 = Debug|Any CPU
		{8461EDFD-B219-4688-A09B-A8FEF3707A03}.Release|Any CPU.ActiveCfg = Release|Any CPU
		{8461EDFD-B219-4688-A09B-A8FEF3707A03}.Release|Any CPU.Build.0 = Release|Any CPU
		{73A3EE07-8BFD-406A-BDC5-E634D6329173}.Debug|Any CPU.ActiveCfg = Debug|Any CPU
		{73A3EE07-8BFD-406A-BDC5-E634D6329173}.Debug|Any CPU.Build.0 = Debug|Any CPU
		{73A3EE07-8BFD-406A-BDC5-E634D6329173}.Release|Any CPU.ActiveCfg = Release|Any CPU
		{73A3EE07-8BFD-406A-BDC5-E634D6329173}.Release|Any CPU.Build.0 = Release|Any CPU
		{8B31D2E2-6B7D-4C8A-9377-4DEA766F403E}.Debug|Any CPU.ActiveCfg = Debug|Any CPU
		{8B31D2E2-6B7D-4C8A-9377-4DEA766F403E}.Debug|Any CPU.Build.0 = Debug|Any CPU
		{8B31D2E2-6B7D-4C8A-9377-4DEA766F403E}.Release|Any CPU.ActiveCfg = Release|Any CPU
		{8B31D2E2-6B7D-4C8A-9377-4DEA766F403E}.Release|Any CPU.Build.0 = Release|Any CPU
		{BFBB20BA-CC6D-4A19-A290-7F561F13C252}.Debug|Any CPU.ActiveCfg = Debug|Any CPU
		{BFBB20BA-CC6D-4A19-A290-7F561F13C252}.Debug|Any CPU.Build.0 = Debug|Any CPU
		{BFBB20BA-CC6D-4A19-A290-7F561F13C252}.Release|Any CPU.ActiveCfg = Release|Any CPU
		{BFBB20BA-CC6D-4A19-A290-7F561F13C252}.Release|Any CPU.Build.0 = Release|Any CPU
		{87F9471E-CD20-4123-9945-13A362F9B3FF}.Debug|Any CPU.ActiveCfg = Debug|Any CPU
		{87F9471E-CD20-4123-9945-13A362F9B3FF}.Debug|Any CPU.Build.0 = Debug|Any CPU
		{87F9471E-CD20-4123-9945-13A362F9B3FF}.Release|Any CPU.ActiveCfg = Release|Any CPU
		{87F9471E-CD20-4123-9945-13A362F9B3FF}.Release|Any CPU.Build.0 = Release|Any CPU
	EndGlobalSection
	GlobalSection(SolutionProperties) = preSolution
		HideSolutionNode = FALSE
	EndGlobalSection
	GlobalSection(NestedProjects) = preSolution
		{3B6DCE5E-D5E0-4D0C-992E-1210334256E2} = {C7B21439-ADCC-4B9A-82EB-38E0858550DA}
		{7EDB0644-3CAB-4F42-AB41-8C9E520657C6} = {FE1AA87D-AF89-4E62-BCC6-6554AC657E8F}
		{EB165907-86BF-4C10-8BD9-5DEF85E071FC} = {0A4EF64B-410B-4D49-93B7-3D2B3815FA02}
		{AD54751B-D1D1-4F7B-B00D-BDB5D11B1951} = {FE1AA87D-AF89-4E62-BCC6-6554AC657E8F}
		{64C743E1-0936-48FA-A0B9-38FF45D41E8E} = {62A54A0C-1172-46AF-BD64-4CCD61CA86E0}
		{7E09B618-D412-4706-840E-176B43D4EC9F} = {27FF7507-CFF4-4CF7-8DCF-D2DDD3122DE3}
		{6E077FCE-FC2B-40C1-A32D-FBA351238352} = {FE1AA87D-AF89-4E62-BCC6-6554AC657E8F}
		{ED9C71B6-1F82-437C-8C20-DD081288188E} = {FE1AA87D-AF89-4E62-BCC6-6554AC657E8F}
		{C42A5894-FCB6-40C5-A70C-8E31AAAEC572} = {62A54A0C-1172-46AF-BD64-4CCD61CA86E0}
		{82D4C16A-EAE2-4C17-9FDB-3069421C0968} = {FE1AA87D-AF89-4E62-BCC6-6554AC657E8F}
		{B159864D-4ED9-4CE6-B6AA-473AF30AC461} = {62A54A0C-1172-46AF-BD64-4CCD61CA86E0}
		{99353820-3062-4AE3-AF4F-03B1609A051D} = {62A54A0C-1172-46AF-BD64-4CCD61CA86E0}
		{8F04A9D1-61EA-41D3-BC8D-8A1019A7028A} = {27FF7507-CFF4-4CF7-8DCF-D2DDD3122DE3}
		{C541CB30-017F-4C12-B7D7-A2C1D1350A8A} = {FE1AA87D-AF89-4E62-BCC6-6554AC657E8F}
		{34491944-F3CD-49FA-A18A-E58F4BC2C6C0} = {FE1AA87D-AF89-4E62-BCC6-6554AC657E8F}
		{8461EDFD-B219-4688-A09B-A8FEF3707A03} = {62A54A0C-1172-46AF-BD64-4CCD61CA86E0}
		{73A3EE07-8BFD-406A-BDC5-E634D6329173} = {27FF7507-CFF4-4CF7-8DCF-D2DDD3122DE3}
		{8B31D2E2-6B7D-4C8A-9377-4DEA766F403E} = {3E375920-DC42-4978-AF99-DECBA505EC84}
		{BFBB20BA-CC6D-4A19-A290-7F561F13C252} = {FE1AA87D-AF89-4E62-BCC6-6554AC657E8F}
		{87F9471E-CD20-4123-9945-13A362F9B3FF} = {62A54A0C-1172-46AF-BD64-4CCD61CA86E0}
	EndGlobalSection
	GlobalSection(ExtensibilityGlobals) = postSolution
		SolutionGuid = {20342FCF-630A-4D63-8FCA-4E07AAFB8C0F}
	EndGlobalSection
EndGlobal
